
Microsoft Visual Studio Solution File, Format Version 12.00
# Visual Studio Version 17
VisualStudioVersion = 17.4.33213.308
MinimumVisualStudioVersion = 10.0.40219.1
Project("{FAE04EC0-301F-11D3-BF4B-00C04F79EFBC}") = "ADODZ2", "ADODZ2\ADODZ2.csproj", "{FBDF399E-ACFF-49BD-BDC2-7B5BAEA5C1C1}"
EndProject
Global
	GlobalSection(SolutionConfigurationPlatforms) = preSolution
		Debug|Any CPU = Debug|Any CPU
		Release|Any CPU = Release|Any CPU
	EndGlobalSection
	GlobalSection(ProjectConfigurationPlatforms) = postSolution
		{FBDF399E-ACFF-49BD-BDC2-7B5BAEA5C1C1}.Debug|Any CPU.ActiveCfg = Debug|Any CPU
		{FBDF399E-ACFF-49BD-BDC2-7B5BAEA5C1C1}.Debug|Any CPU.Build.0 = Debug|Any CPU
		{FBDF399E-ACFF-49BD-BDC2-7B5BAEA5C1C1}.Release|Any CPU.ActiveCfg = Release|Any CPU
		{FBDF399E-ACFF-49BD-BDC2-7B5BAEA5C1C1}.Release|Any CPU.Build.0 = Release|Any CPU
	EndGlobalSection
	GlobalSection(SolutionProperties) = preSolution
		HideSolutionNode = FALSE
	EndGlobalSection
	GlobalSection(ExtensibilityGlobals) = postSolution
		SolutionGuid = {465E8A08-ACA0-4A5F-B9E1-072A57C049B3}
	EndGlobalSection
EndGlobal
